
Microsoft Visual Studio Solution File, Format Version 11.00
# Visual Studio 2010
Project("{FAE04EC0-301F-11D3-BF4B-00C04F79EFBC}") = "crazybrick", "Assembly-CSharp.csproj", "{ED20ED71-172A-B5B2-0AC4-CB919C8581B7}"
EndProject
Project("{FAE04EC0-301F-11D3-BF4B-00C04F79EFBC}") = "crazybrick", "Assembly-CSharp-Editor.csproj", "{7FFBDB37-6FE4-EEE1-0B68-6153E29FE4AA}"
EndProject
Global
	GlobalSection(SolutionConfigurationPlatforms) = preSolution
		Debug|Any CPU = Debug|Any CPU
		Release|Any CPU = Release|Any CPU
	EndGlobalSection
	GlobalSection(ProjectConfigurationPlatforms) = postSolution
		{ED20ED71-172A-B5B2-0AC4-CB919C8581B7}.Debug|Any CPU.ActiveCfg = Debug|Any CPU
		{ED20ED71-172A-B5B2-0AC4-CB919C8581B7}.Debug|Any CPU.Build.0 = Debug|Any CPU
		{ED20ED71-172A-B5B2-0AC4-CB919C8581B7}.Release|Any CPU.ActiveCfg = Release|Any CPU
		{ED20ED71-172A-B5B2-0AC4-CB919C8581B7}.Release|Any CPU.Build.0 = Release|Any CPU
		{7FFBDB37-6FE4-EEE1-0B68-6153E29FE4AA}.Debug|Any CPU.ActiveCfg = Debug|Any CPU
		{7FFBDB37-6FE4-EEE1-0B68-6153E29FE4AA}.Debug|Any CPU.Build.0 = Debug|Any CPU
		{7FFBDB37-6FE4-EEE1-0B68-6153E29FE4AA}.Release|Any CPU.ActiveCfg = Release|Any CPU
		{7FFBDB37-6FE4-EEE1-0B68-6153E29FE4AA}.Release|Any CPU.Build.0 = Release|Any CPU
	EndGlobalSection
	GlobalSection(SolutionProperties) = preSolution
		HideSolutionNode = FALSE
	EndGlobalSection
	GlobalSection(MonoDevelopProperties) = preSolution
		StartupItem = Assembly-CSharp.csproj
	EndGlobalSection
EndGlobal
